
Microsoft Visual Studio Solution File, Format Version 12.00
# Visual Studio 15
VisualStudioVersion = 15.0.28307.539
MinimumVisualStudioVersion = 10.0.40219.1
Project("{FAE04EC0-301F-11D3-BF4B-00C04F79EFBC}") = "CoreRtOffsetOf", "CoreRtOffsetOf\CoreRtOffsetOf.csproj", "{5ECDB7C6-7042-425A-873F-C6D11B4F2812}"
EndProject
Global
	GlobalSection(SolutionConfigurationPlatforms) = preSolution
		Debug|Any CPU = Debug|Any CPU
		Release|Any CPU = Release|Any CPU
	EndGlobalSection
	GlobalSection(ProjectConfigurationPlatforms) = postSolution
		{5ECDB7C6-7042-425A-873F-C6D11B4F2812}.Debug|Any CPU.ActiveCfg = Debug|Any CPU
		{5ECDB7C6-7042-425A-873F-C6D11B4F2812}.Debug|Any CPU.Build.0 = Debug|Any CPU
		{5ECDB7C6-7042-425A-873F-C6D11B4F2812}.Release|Any CPU.ActiveCfg = Release|Any CPU
		{5ECDB7C6-7042-425A-873F-C6D11B4F2812}.Release|Any CPU.Build.0 = Release|Any CPU
	EndGlobalSection
	GlobalSection(SolutionProperties) = preSolution
		HideSolutionNode = FALSE
	EndGlobalSection
	GlobalSection(ExtensibilityGlobals) = postSolution
		SolutionGuid = {FCAA9F3F-7226-4FB9-82E7-140C31A0E6F5}
	EndGlobalSection
EndGlobal
